hash: 406886bc77086dc339111e77437a21f4462c1160655f8957449295d3b5f2f7b0
updated: 2016-02-23T23:53:13.883441146+01:00
imports:
- name: golang.org/x/crypto
  version: 1f22c0103821b9390939b6776727195525381532
  subpackages:
  - ssh
  - curve25519
- name: golang.org/x/net
  version: 4599ae7937fce9b670ce32b8ad32bbb7ae726b3e
  subpackages:
  - websocket
devImports: []
